
Microsoft Visual Studio Solution File, Format Version 12.00
# Visual Studio 14
VisualStudioVersion = 14.0.25420.1
MinimumVisualStudioVersion = 10.0.40219.1
Project("{FAE04EC0-301F-11D3-BF4B-00C04F79EFBC}") = "_PresentationLayer", "ÖnMuhasebeOtomasyonu\_PresentationLayer.csproj", "{C1C080FB-589E-4867-A2AF-BB309F2F5E2D}"
EndProject
Project("{FAE04EC0-301F-11D3-BF4B-00C04F79EFBC}") = "_BusinessLayer", "_BusinessLayer\_BusinessLayer.csproj", "{E9831C53-4828-4B46-91C5-A2C3F9ADB35A}"
EndProject
Project("{FAE04EC0-301F-11D3-BF4B-00C04F79EFBC}") = "_DataLayer", "_DataLayer\_DataLayer.csproj", "{D40A347A-8B2D-453E-8505-5D014208C1F6}"
EndProject
Global
	GlobalSection(SolutionConfigurationPlatforms) = preSolution
		Debug|Any CPU = Debug|Any CPU
		Release|Any CPU = Release|Any CPU
	EndGlobalSection
	GlobalSection(ProjectConfigurationPlatforms) = postSolution
		{C1C080FB-589E-4867-A2AF-BB309F2F5E2D}.Debug|Any CPU.ActiveCfg = Debug|Any CPU
		{C1C080FB-589E-4867-A2AF-BB309F2F5E2D}.Debug|Any CPU.Build.0 = Debug|Any CPU
		{C1C080FB-589E-4867-A2AF-BB309F2F5E2D}.Release|Any CPU.ActiveCfg = Release|Any CPU
		{C1C080FB-589E-4867-A2AF-BB309F2F5E2D}.Release|Any CPU.Build.0 = Release|Any CPU
		{E9831C53-4828-4B46-91C5-A2C3F9ADB35A}.Debug|Any CPU.ActiveCfg = Debug|Any CPU
		{E9831C53-4828-4B46-91C5-A2C3F9ADB35A}.Debug|Any CPU.Build.0 = Debug|Any CPU
		{E9831C53-4828-4B46-91C5-A2C3F9ADB35A}.Release|Any CPU.ActiveCfg = Release|Any CPU
		{E9831C53-4828-4B46-91C5-A2C3F9ADB35A}.Release|Any CPU.Build.0 = Release|Any CPU
		{D40A347A-8B2D-453E-8505-5D014208C1F6}.Debug|Any CPU.ActiveCfg = Debug|Any CPU
		{D40A347A-8B2D-453E-8505-5D014208C1F6}.Debug|Any CPU.Build.0 = Debug|Any CPU
		{D40A347A-8B2D-453E-8505-5D014208C1F6}.Release|Any CPU.ActiveCfg = Release|Any CPU
		{D40A347A-8B2D-453E-8505-5D014208C1F6}.Release|Any CPU.Build.0 = Release|Any CPU
	EndGlobalSection
	GlobalSection(SolutionProperties) = preSolution
		HideSolutionNode = FALSE
	EndGlobalSection
EndGlobal
